
Microsoft Visual Studio Solution File, Format Version 12.00
# Visual Studio Version 16
VisualStudioVersion = 16.0.29021.104
MinimumVisualStudioVersion = 10.0.40219.1
Project("{9A19103F-16F7-4668-BE54-9A1E7A4F7556}") = "nedfreader", "nedfreader\nedfreader.csproj", "{E83CBDCE-5CB9-424D-AB34-BC38941349A0}"
EndProject
Project("{9A19103F-16F7-4668-BE54-9A1E7A4F7556}") = "TestNedfReader", "TestNedfReader\TestNedfReader.csproj", "{4DBC0EFD-6FE6-43D9-9035-AF482C2B39E2}"
EndProject
Project("{9A19103F-16F7-4668-BE54-9A1E7A4F7556}") = "nedfbvaddin", "nedfbvaddin\nedfbvaddin.csproj", "{9DF2871B-278A-47C4-BD41-0582D874DAA9}"
EndProject
Project("{9A19103F-16F7-4668-BE54-9A1E7A4F7556}") = "AreTheseNedfsBorked", "AreTheseNedfsBorked\AreTheseNedfsBorked.csproj", "{4190B4A4-A478-4712-9487-38BC07CB2BF9}"
EndProject
Global
	GlobalSection(SolutionConfigurationPlatforms) = preSolution
		Debug|Any CPU = Debug|Any CPU
		Release|Any CPU = Release|Any CPU
	EndGlobalSection
	GlobalSection(ProjectConfigurationPlatforms) = postSolution
		{E83CBDCE-5CB9-424D-AB34-BC38941349A0}.Debug|Any CPU.ActiveCfg = Debug|Any CPU
		{E83CBDCE-5CB9-424D-AB34-BC38941349A0}.Debug|Any CPU.Build.0 = Debug|Any CPU
		{E83CBDCE-5CB9-424D-AB34-BC38941349A0}.Release|Any CPU.ActiveCfg = Release|Any CPU
		{E83CBDCE-5CB9-424D-AB34-BC38941349A0}.Release|Any CPU.Build.0 = Release|Any CPU
		{4DBC0EFD-6FE6-43D9-9035-AF482C2B39E2}.Debug|Any CPU.ActiveCfg = Debug|Any CPU
		{4DBC0EFD-6FE6-43D9-9035-AF482C2B39E2}.Debug|Any CPU.Build.0 = Debug|Any CPU
		{4DBC0EFD-6FE6-43D9-9035-AF482C2B39E2}.Release|Any CPU.ActiveCfg = Release|Any CPU
		{4DBC0EFD-6FE6-43D9-9035-AF482C2B39E2}.Release|Any CPU.Build.0 = Release|Any CPU
		{9DF2871B-278A-47C4-BD41-0582D874DAA9}.Debug|Any CPU.ActiveCfg = Debug|Any CPU
		{9DF2871B-278A-47C4-BD41-0582D874DAA9}.Debug|Any CPU.Build.0 = Debug|Any CPU
		{9DF2871B-278A-47C4-BD41-0582D874DAA9}.Release|Any CPU.ActiveCfg = Release|Any CPU
		{9DF2871B-278A-47C4-BD41-0582D874DAA9}.Release|Any CPU.Build.0 = Release|Any CPU
		{4190B4A4-A478-4712-9487-38BC07CB2BF9}.Debug|Any CPU.ActiveCfg = Debug|Any CPU
		{4190B4A4-A478-4712-9487-38BC07CB2BF9}.Debug|Any CPU.Build.0 = Debug|Any CPU
		{4190B4A4-A478-4712-9487-38BC07CB2BF9}.Release|Any CPU.ActiveCfg = Release|Any CPU
		{4190B4A4-A478-4712-9487-38BC07CB2BF9}.Release|Any CPU.Build.0 = Release|Any CPU
	EndGlobalSection
	GlobalSection(SolutionProperties) = preSolution
		HideSolutionNode = FALSE
	EndGlobalSection
	GlobalSection(ExtensibilityGlobals) = postSolution
		SolutionGuid = {727C7A0E-6CCC-45A7-8E44-DAEA5DBF39E9}
	EndGlobalSection
EndGlobal
